
Microsoft Visual Studio Solution File, Format Version 12.00
# Visual Studio Version 17
VisualStudioVersion = 17.13.35806.99 d17.13
MinimumVisualStudioVersion = 10.0.40219.1
Project("{FAE04EC0-301F-11D3-BF4B-00C04F79EFBC}") = "RDLC2022", "RDLC2022.csproj", "{DA0313A7-A22C-43D0-A08B-EF549580E6D0}"
EndProject
Global
	GlobalSection(SolutionConfigurationPlatforms) = preSolution
		Debug|Any CPU = Debug|Any CPU
		Release|Any CPU = Release|Any CPU
	EndGlobalSection
	GlobalSection(ProjectConfigurationPlatforms) = postSolution
		{DA0313A7-A22C-43D0-A08B-EF549580E6D0}.Debug|Any CPU.ActiveCfg = Debug|Any CPU
		{DA0313A7-A22C-43D0-A08B-EF549580E6D0}.Debug|Any CPU.Build.0 = Debug|Any CPU
		{DA0313A7-A22C-43D0-A08B-EF549580E6D0}.Release|Any CPU.ActiveCfg = Release|Any CPU
		{DA0313A7-A22C-43D0-A08B-EF549580E6D0}.Release|Any CPU.Build.0 = Release|Any CPU
	EndGlobalSection
	GlobalSection(SolutionProperties) = preSolution
		HideSolutionNode = FALSE
	EndGlobalSection
	GlobalSection(ExtensibilityGlobals) = postSolution
		SolutionGuid = {0AEF6CE6-7300-4E15-A7BE-90ADAE14D7B2}
	EndGlobalSection
EndGlobal
